
Microsoft Visual Studio Solution File, Format Version 12.00
# Visual Studio 15
VisualStudioVersion = 15.0.27703.2018
MinimumVisualStudioVersion = 10.0.40219.1
Project("{FAE04EC0-301F-11D3-BF4B-00C04F79EFBC}") = "DX_CR_Inclinometer", "DX_CR_Inclinometer\DX_CR_Inclinometer.csproj", "{9FD05A27-7B84-4112-AD38-379AD3010497}"
EndProject
Project("{FAE04EC0-301F-11D3-BF4B-00C04F79EFBC}") = "XE.API.Sensor.RionInclinometer", "XE.API.Sensor.RionInclinometer\XE.API.Sensor.RionInclinometer.csproj", "{4EE2D83D-80A0-446A-BC47-4A707210B58E}"
EndProject
Global
	GlobalSection(SolutionConfigurationPlatforms) = preSolution
		Debug|Any CPU = Debug|Any CPU
		Release|Any CPU = Release|Any CPU
	EndGlobalSection
	GlobalSection(ProjectConfigurationPlatforms) = postSolution
		{9FD05A27-7B84-4112-AD38-379AD3010497}.Debug|Any CPU.ActiveCfg = Debug|Any CPU
		{9FD05A27-7B84-4112-AD38-379AD3010497}.Debug|Any CPU.Build.0 = Debug|Any CPU
		{9FD05A27-7B84-4112-AD38-379AD3010497}.Release|Any CPU.ActiveCfg = Release|Any CPU
		{9FD05A27-7B84-4112-AD38-379AD3010497}.Release|Any CPU.Build.0 = Release|Any CPU
		{4EE2D83D-80A0-446A-BC47-4A707210B58E}.Debug|Any CPU.ActiveCfg = Debug|Any CPU
		{4EE2D83D-80A0-446A-BC47-4A707210B58E}.Debug|Any CPU.Build.0 = Debug|Any CPU
		{4EE2D83D-80A0-446A-BC47-4A707210B58E}.Release|Any CPU.ActiveCfg = Release|Any CPU
		{4EE2D83D-80A0-446A-BC47-4A707210B58E}.Release|Any CPU.Build.0 = Release|Any CPU
	EndGlobalSection
	GlobalSection(SolutionProperties) = preSolution
		HideSolutionNode = FALSE
	EndGlobalSection
	GlobalSection(ExtensibilityGlobals) = postSolution
		SolutionGuid = {211B16FC-F2AA-4F80-A7A3-E46685AA95D1}
	EndGlobalSection
EndGlobal
